
Microsoft Visual Studio Solution File, Format Version 12.00
# Visual Studio Version 16
VisualStudioVersion = 16.0.29503.13
MinimumVisualStudioVersion = 10.0.40219.1
Project("{FAE04EC0-301F-11D3-BF4B-00C04F79EFBC}") = "EntityLayer", "EntityLayer\EntityLayer.csproj", "{CA82BBFF-E653-4422-A35A-52CD9A08A253}"
EndProject
Project("{FAE04EC0-301F-11D3-BF4B-00C04F79EFBC}") = "BLL", "BLL\BLL.csproj", "{4AB91E86-9E2C-4C92-9EAF-6306D0AF4954}"
EndProject
Project("{FAE04EC0-301F-11D3-BF4B-00C04F79EFBC}") = "PersistenceLayer", "PersistenceLayer\PersistenceLayer.csproj", "{73EC6934-271C-4469-A4FC-4C77109DB886}"
EndProject
Project("{FAE04EC0-301F-11D3-BF4B-00C04F79EFBC}") = "GUI", "GUI\GUI.csproj", "{15CA5021-95DB-472E-9146-9B623F47DFBC}"
EndProject
Project("{FAE04EC0-301F-11D3-BF4B-00C04F79EFBC}") = "UnitTestProject", "UnitTestProject\UnitTestProject.csproj", "{6F2EC833-7C13-4171-9865-905DC2D6C9A4}"
EndProject
Global
	GlobalSection(SolutionConfigurationPlatforms) = preSolution
		Debug|Any CPU = Debug|Any CPU
		Release|Any CPU = Release|Any CPU
	EndGlobalSection
	GlobalSection(ProjectConfigurationPlatforms) = postSolution
		{CA82BBFF-E653-4422-A35A-52CD9A08A253}.Debug|Any CPU.ActiveCfg = Debug|Any CPU
		{CA82BBFF-E653-4422-A35A-52CD9A08A253}.Debug|Any CPU.Build.0 = Debug|Any CPU
		{CA82BBFF-E653-4422-A35A-52CD9A08A253}.Release|Any CPU.ActiveCfg = Release|Any CPU
		{CA82BBFF-E653-4422-A35A-52CD9A08A253}.Release|Any CPU.Build.0 = Release|Any CPU
		{4AB91E86-9E2C-4C92-9EAF-6306D0AF4954}.Debug|Any CPU.ActiveCfg = Debug|Any CPU
		{4AB91E86-9E2C-4C92-9EAF-6306D0AF4954}.Debug|Any CPU.Build.0 = Debug|Any CPU
		{4AB91E86-9E2C-4C92-9EAF-6306D0AF4954}.Release|Any CPU.ActiveCfg = Release|Any CPU
		{4AB91E86-9E2C-4C92-9EAF-6306D0AF4954}.Release|Any CPU.Build.0 = Release|Any CPU
		{73EC6934-271C-4469-A4FC-4C77109DB886}.Debug|Any CPU.ActiveCfg = Debug|Any CPU
		{73EC6934-271C-4469-A4FC-4C77109DB886}.Debug|Any CPU.Build.0 = Debug|Any CPU
		{73EC6934-271C-4469-A4FC-4C77109DB886}.Release|Any CPU.ActiveCfg = Release|Any CPU
		{73EC6934-271C-4469-A4FC-4C77109DB886}.Release|Any CPU.Build.0 = Release|Any CPU
		{15CA5021-95DB-472E-9146-9B623F47DFBC}.Debug|Any CPU.ActiveCfg = Debug|Any CPU
		{15CA5021-95DB-472E-9146-9B623F47DFBC}.Debug|Any CPU.Build.0 = Debug|Any CPU
		{15CA5021-95DB-472E-9146-9B623F47DFBC}.Release|Any CPU.ActiveCfg = Release|Any CPU
		{15CA5021-95DB-472E-9146-9B623F47DFBC}.Release|Any CPU.Build.0 = Release|Any CPU
		{6F2EC833-7C13-4171-9865-905DC2D6C9A4}.Debug|Any CPU.ActiveCfg = Debug|Any CPU
		{6F2EC833-7C13-4171-9865-905DC2D6C9A4}.Debug|Any CPU.Build.0 = Debug|Any CPU
		{6F2EC833-7C13-4171-9865-905DC2D6C9A4}.Release|Any CPU.ActiveCfg = Release|Any CPU
		{6F2EC833-7C13-4171-9865-905DC2D6C9A4}.Release|Any CPU.Build.0 = Release|Any CPU
	EndGlobalSection
	GlobalSection(SolutionProperties) = preSolution
		HideSolutionNode = FALSE
	EndGlobalSection
	GlobalSection(ExtensibilityGlobals) = postSolution
		SolutionGuid = {745590BB-70E7-475F-A8E1-4678FF2B893C}
	EndGlobalSection
EndGlobal
